// !$*UTF8*$!
{
	archiveVersion = 1;
	classes = {
	};
	objectVersion = 56;
	objects = {

/* Begin PBXBuildFile section */
		57362F1D29B8CDAE000CCCE3 /* PageController.swift in Sources */ = {isa = PBXBuildFile; fileRef = 57362F1C29B8CDAE000CCCE3 /* PageController.swift */; };
		57362F1F29B8CDCF000CCCE3 /* ViewRouter.swift in Sources */ = {isa = PBXBuildFile; fileRef = 57362F1E29B8CDCF000CCCE3 /* ViewRouter.swift */; };
		5764D1FE29B83A77009D04EB /* egamelanApp.swift in Sources */ = {isa = PBXBuildFile; fileRef = 5764D1FD29B83A77009D04EB /* egamelanApp.swift */; };
		5764D20229B83A78009D04EB /* Assets.xcassets in Resources */ = {isa = PBXBuildFile; fileRef = 5764D20129B83A78009D04EB /* Assets.xcassets */; };
		5764D20529B83A78009D04EB /* Preview Assets.xcassets in Resources */ = {isa = PBXBuildFile; fileRef = 5764D20429B83A78009D04EB /* Preview Assets.xcassets */; };
		57AF9AF629B94369007DB705 /* SoundManager.swift in Sources */ = {isa = PBXBuildFile; fileRef = 57AF9AF529B94369007DB705 /* SoundManager.swift */; };
		6314566D29B8445D00568981 /* BonangBarungView.swift in Sources */ = {isa = PBXBuildFile; fileRef = 6314566C29B8445D00568981 /* BonangBarungView.swift */; };
		6314566F29B8446B00568981 /* BonangPenerusView.swift in Sources */ = {isa = PBXBuildFile; fileRef = 6314566E29B8446B00568981 /* BonangPenerusView.swift */; };
		6314567129B8447F00568981 /* DemungView.swift in Sources */ = {isa = PBXBuildFile; fileRef = 6314567029B8447F00568981 /* DemungView.swift */; };
		6314567329B8448A00568981 /* GongView.swift in Sources */ = {isa = PBXBuildFile; fileRef = 6314567229B8448A00568981 /* GongView.swift */; };
		6314567529B8449500568981 /* KenongView.swift in Sources */ = {isa = PBXBuildFile; fileRef = 6314567429B8449500568981 /* KenongView.swift */; };
		6314567729B844A500568981 /* KethukKempyangView.swift in Sources */ = {isa = PBXBuildFile; fileRef = 6314567629B844A500568981 /* KethukKempyangView.swift */; };
		6314567929B844BA00568981 /* SaronBarungView.swift in Sources */ = {isa = PBXBuildFile; fileRef = 6314567829B844BA00568981 /* SaronBarungView.swift */; };
		6314567B29B844D700568981 /* SaronPenerusView.swift in Sources */ = {isa = PBXBuildFile; fileRef = 6314567A29B844D700568981 /* SaronPenerusView.swift */; };
		6314567D29B844E200568981 /* SlenthemView.swift in Sources */ = {isa = PBXBuildFile; fileRef = 6314567C29B844E200568981 /* SlenthemView.swift */; };
		6314567F29B844F300568981 /* HomeScreenView.swift in Sources */ = {isa = PBXBuildFile; fileRef = 6314567E29B844F300568981 /* HomeScreenView.swift */; };
		6314568129B8450100568981 /* SplashScreenView.swift in Sources */ = {isa = PBXBuildFile; fileRef = 6314568029B8450100568981 /* SplashScreenView.swift */; };
		6314568329B8450E00568981 /* InformationView.swift in Sources */ = {isa = PBXBuildFile; fileRef = 6314568229B8450E00568981 /* InformationView.swift */; };
		6314568629B845B600568981 /* Extensions.swift in Sources */ = {isa = PBXBuildFile; fileRef = 6314568529B845B600568981 /* Extensions.swift */; };
		6314568B29B8465500568981 /* Berlin Sans FB Demi Bold.ttf in Resources */ = {isa = PBXBuildFile; fileRef = 6314568929B8465500568981 /* Berlin Sans FB Demi Bold.ttf */; };
		6314569829B86F8700568981 /* Segoe UI.ttf in Resources */ = {isa = PBXBuildFile; fileRef = 6314569729B86F8700568981 /* Segoe UI.ttf */; };
		6314569C29B8715400568981 /* Sound in Resources */ = {isa = PBXBuildFile; fileRef = 6314569B29B8715400568981 /* Sound */; };
		6314569E29B87E4E00568981 /* Enums.swift in Sources */ = {isa = PBXBuildFile; fileRef = 6314569D29B87E4E00568981 /* Enums.swift */; };
		63558D1229BDF0BB00FC198A /* DeveloperView.swift in Sources */ = {isa = PBXBuildFile; fileRef = 63558D1129BDF0BB00FC198A /* DeveloperView.swift */; };
/* End PBXBuildFile section */

/* Begin PBXFileReference section */
		57362F1C29B8CDAE000CCCE3 /* PageController.swift */ = {isa = PBXFileReference; lastKnownFileType = sourcecode.swift; path = PageController.swift; sourceTree = "<group>"; };
		57362F1E29B8CDCF000CCCE3 /* ViewRouter.swift */ = {isa = PBXFileReference; lastKnownFileType = sourcecode.swift; path = ViewRouter.swift; sourceTree = "<group>"; };
		5764D1FA29B83A77009D04EB /* egamelan.app */ = {isa = PBXFileReference; explicitFileType = wrapper.application; includeInIndex = 0; path = egamelan.app; sourceTree = BUILT_PRODUCTS_DIR; };
		5764D1FD29B83A77009D04EB /* egamelanApp.swift */ = {isa = PBXFileReference; lastKnownFileType = sourcecode.swift; path = egamelanApp.swift; sourceTree = "<group>"; };
		5764D20129B83A78009D04EB /* Assets.xcassets */ = {isa = PBXFileReference; lastKnownFileType = folder.assetcatalog; path = Assets.xcassets; sourceTree = "<group>"; };
		5764D20429B83A78009D04EB /* Preview Assets.xcassets */ = {isa = PBXFileReference; lastKnownFileType = folder.assetcatalog; path = "Preview Assets.xcassets"; sourceTree = "<group>"; };
		57AF9AF529B94369007DB705 /* SoundManager.swift */ = {isa = PBXFileReference; lastKnownFileType = sourcecode.swift; path = SoundManager.swift; sourceTree = "<group>"; };
		6314566C29B8445D00568981 /* BonangBarungView.swift */ = {isa = PBXFileReference; lastKnownFileType = sourcecode.swift; path = BonangBarungView.swift; sourceTree = "<group>"; };
		6314566E29B8446B00568981 /* BonangPenerusView.swift */ = {isa = PBXFileReference; lastKnownFileType = sourcecode.swift; path = BonangPenerusView.swift; sourceTree = "<group>"; };
		6314567029B8447F00568981 /* DemungView.swift */ = {isa = PBXFileReference; lastKnownFileType = sourcecode.swift; path = DemungView.swift; sourceTree = "<group>"; };
		6314567229B8448A00568981 /* GongView.swift */ = {isa = PBXFileReference; lastKnownFileType = sourcecode.swift; path = GongView.swift; sourceTree = "<group>"; };
		6314567429B8449500568981 /* KenongView.swift */ = {isa = PBXFileReference; lastKnownFileType = sourcecode.swift; path = KenongView.swift; sourceTree = "<group>"; };
		6314567629B844A500568981 /* KethukKempyangView.swift */ = {isa = PBXFileReference; lastKnownFileType = sourcecode.swift; path = KethukKempyangView.swift; sourceTree = "<group>"; };
		6314567829B844BA00568981 /* SaronBarungView.swift */ = {isa = PBXFileReference; lastKnownFileType = sourcecode.swift; path = SaronBarungView.swift; sourceTree = "<group>"; };
		6314567A29B844D700568981 /* SaronPenerusView.swift */ = {isa = PBXFileReference; lastKnownFileType = sourcecode.swift; path = SaronPenerusView.swift; sourceTree = "<group>"; };
		6314567C29B844E200568981 /* SlenthemView.swift */ = {isa = PBXFileReference; lastKnownFileType = sourcecode.swift; path = SlenthemView.swift; sourceTree = "<group>"; };
		6314567E29B844F300568981 /* HomeScreenView.swift */ = {isa = PBXFileReference; lastKnownFileType = sourcecode.swift; path = HomeScreenView.swift; sourceTree = "<group>"; };
		6314568029B8450100568981 /* SplashScreenView.swift */ = {isa = PBXFileReference; lastKnownFileType = sourcecode.swift; path = SplashScreenView.swift; sourceTree = "<group>"; };
		6314568229B8450E00568981 /* InformationView.swift */ = {isa = PBXFileReference; lastKnownFileType = sourcecode.swift; path = InformationView.swift; sourceTree = "<group>"; };
		6314568529B845B600568981 /* Extensions.swift */ = {isa = PBXFileReference; lastKnownFileType = sourcecode.swift; path = Extensions.swift; sourceTree = "<group>"; };
		6314568929B8465500568981 /* Berlin Sans FB Demi Bold.ttf */ = {isa = PBXFileReference; lastKnownFileType = file; path = "Berlin Sans FB Demi Bold.ttf"; sourceTree = "<group>"; };
		6314568C29B865E700568981 /* Info.plist */ = {isa = PBXFileReference; lastKnownFileType = text.plist; path = Info.plist; sourceTree = "<group>"; };
		6314569729B86F8700568981 /* Segoe UI.ttf */ = {isa = PBXFileReference; lastKnownFileType = file; path = "Segoe UI.ttf"; sourceTree = "<group>"; };
		6314569B29B8715400568981 /* Sound */ = {isa = PBXFileReference; lastKnownFileType = folder; path = Sound; sourceTree = "<group>"; };
		6314569D29B87E4E00568981 /* Enums.swift */ = {isa = PBXFileReference; lastKnownFileType = sourcecode.swift; path = Enums.swift; sourceTree = "<group>"; };
		63558D1129BDF0BB00FC198A /* DeveloperView.swift */ = {isa = PBXFileReference; lastKnownFileType = sourcecode.swift; path = DeveloperView.swift; sourceTree = "<group>"; };
/* End PBXFileReference section */

/* Begin PBXFrameworksBuildPhase section */
		5764D1F729B83A77009D04EB /* Frameworks */ = {
			isa = PBXFrameworksBuildPhase;
			buildActionMask = 2147483647;
			files = (
			);
			runOnlyForDeploymentPostprocessing = 0;
		};
/* End PBXFrameworksBuildPhase section */

/* Begin PBXGroup section */
		5764D1F129B83A77009D04EB = {
			isa = PBXGroup;
			children = (
				5764D1FC29B83A77009D04EB /* egamelan */,
				5764D1FB29B83A77009D04EB /* Products */,
			);
			sourceTree = "<group>";
		};
		5764D1FB29B83A77009D04EB /* Products */ = {
			isa = PBXGroup;
			children = (
				5764D1FA29B83A77009D04EB /* egamelan.app */,
			);
			name = Products;
			sourceTree = "<group>";
		};
		5764D1FC29B83A77009D04EB /* egamelan */ = {
			isa = PBXGroup;
			children = (
				6314568C29B865E700568981 /* Info.plist */,
				6314568429B8453B00568981 /* Utility */,
				6314566B29B8430A00568981 /* View */,
				6314569B29B8715400568981 /* Sound */,
				5764D1FD29B83A77009D04EB /* egamelanApp.swift */,
				5764D20129B83A78009D04EB /* Assets.xcassets */,
				5764D20329B83A78009D04EB /* Preview Content */,
			);
			path = egamelan;
			sourceTree = "<group>";
		};
		5764D20329B83A78009D04EB /* Preview Content */ = {
			isa = PBXGroup;
			children = (
				5764D20429B83A78009D04EB /* Preview Assets.xcassets */,
			);
			path = "Preview Content";
			sourceTree = "<group>";
		};
		6314566B29B8430A00568981 /* View */ = {
			isa = PBXGroup;
			children = (
				6314568029B8450100568981 /* SplashScreenView.swift */,
				6314567E29B844F300568981 /* HomeScreenView.swift */,
				6314566C29B8445D00568981 /* BonangBarungView.swift */,
				6314566E29B8446B00568981 /* BonangPenerusView.swift */,
				6314567029B8447F00568981 /* DemungView.swift */,
				6314567229B8448A00568981 /* GongView.swift */,
				6314567429B8449500568981 /* KenongView.swift */,
				6314567629B844A500568981 /* KethukKempyangView.swift */,
				6314567829B844BA00568981 /* SaronBarungView.swift */,
				6314567A29B844D700568981 /* SaronPenerusView.swift */,
				6314567C29B844E200568981 /* SlenthemView.swift */,
				6314568229B8450E00568981 /* InformationView.swift */,
				63558D1129BDF0BB00FC198A /* DeveloperView.swift */,
			);
			path = View;
			sourceTree = "<group>";
		};
		6314568429B8453B00568981 /* Utility */ = {
			isa = PBXGroup;
			children = (
				6314568729B845D900568981 /* Font */,
				6314568529B845B600568981 /* Extensions.swift */,
				6314569D29B87E4E00568981 /* Enums.swift */,
				57362F1C29B8CDAE000CCCE3 /* PageController.swift */,
				57362F1E29B8CDCF000CCCE3 /* ViewRouter.swift */,
				57AF9AF529B94369007DB705 /* SoundManager.swift */,
			);
			path = Utility;
			sourceTree = "<group>";
		};
		6314568729B845D900568981 /* Font */ = {
			isa = PBXGroup;
			children = (
				6314568929B8465500568981 /* Berlin Sans FB Demi Bold.ttf */,
				6314569729B86F8700568981 /* Segoe UI.ttf */,
			);
			path = Font;
			sourceTree = "<group>";
		};
/* End PBXGroup section */

/* Begin PBXNativeTarget section */
		5764D1F929B83A77009D04EB /* egamelan */ = {
			isa = PBXNativeTarget;
			buildConfigurationList = 5764D20829B83A78009D04EB /* Build configuration list for PBXNativeTarget "egamelan" */;
			buildPhases = (
				5764D1F629B83A77009D04EB /* Sources */,
				5764D1F729B83A77009D04EB /* Frameworks */,
				5764D1F829B83A77009D04EB /* Resources */,
			);
			buildRules = (
			);
			dependencies = (
			);
			name = egamelan;
			productName = egamelan;
			productReference = 5764D1FA29B83A77009D04EB /* egamelan.app */;
			productType = "com.apple.product-type.application";
		};
/* End PBXNativeTarget section */

/* Begin PBXProject section */
		5764D1F229B83A77009D04EB /* Project object */ = {
			isa = PBXProject;
			attributes = {
				BuildIndependentTargetsInParallel = 1;
				LastSwiftUpdateCheck = 1420;
				LastUpgradeCheck = 1420;
				TargetAttributes = {
					5764D1F929B83A77009D04EB = {
						CreatedOnToolsVersion = 14.2;
					};
				};
			};
			buildConfigurationList = 5764D1F529B83A77009D04EB /* Build configuration list for PBXProject "egamelan" */;
			compatibilityVersion = "Xcode 14.0";
			developmentRegion = en;
			hasScannedForEncodings = 0;
			knownRegions = (
				en,
				Base,
			);
			mainGroup = 5764D1F129B83A77009D04EB;
			productRefGroup = 5764D1FB29B83A77009D04EB /* Products */;
			projectDirPath = "";
			projectRoot = "";
			targets = (
				5764D1F929B83A77009D04EB /* egamelan */,
			);
		};
/* End PBXProject section */

/* Begin PBXResourcesBuildPhase section */
		5764D1F829B83A77009D04EB /* Resources */ = {
			isa = PBXResourcesBuildPhase;
			buildActionMask = 2147483647;
			files = (
				5764D20529B83A78009D04EB /* Preview Assets.xcassets in Resources */,
				6314569829B86F8700568981 /* Segoe UI.ttf in Resources */,
				6314569C29B8715400568981 /* Sound in Resources */,
				6314568B29B8465500568981 /* Berlin Sans FB Demi Bold.ttf in Resources */,
				5764D20229B83A78009D04EB /* Assets.xcassets in Resources */,
			);
			runOnlyForDeploymentPostprocessing = 0;
		};
/* End PBXResourcesBuildPhase section */

/* Begin PBXSourcesBuildPhase section */
		5764D1F629B83A77009D04EB /* Sources */ = {
			isa = PBXSourcesBuildPhase;
			buildActionMask = 2147483647;
			files = (
				6314566D29B8445D00568981 /* BonangBarungView.swift in Sources */,
				6314567329B8448A00568981 /* GongView.swift in Sources */,
				6314567D29B844E200568981 /* SlenthemView.swift in Sources */,
				6314567B29B844D700568981 /* SaronPenerusView.swift in Sources */,
				63558D1229BDF0BB00FC198A /* DeveloperView.swift in Sources */,
				5764D1FE29B83A77009D04EB /* egamelanApp.swift in Sources */,
				6314567729B844A500568981 /* KethukKempyangView.swift in Sources */,
				6314567129B8447F00568981 /* DemungView.swift in Sources */,
				57362F1D29B8CDAE000CCCE3 /* PageController.swift in Sources */,
				6314569E29B87E4E00568981 /* Enums.swift in Sources */,
				57362F1F29B8CDCF000CCCE3 /* ViewRouter.swift in Sources */,
				6314567F29B844F300568981 /* HomeScreenView.swift in Sources */,
				6314567929B844BA00568981 /* SaronBarungView.swift in Sources */,
				6314567529B8449500568981 /* KenongView.swift in Sources */,
				6314568329B8450E00568981 /* InformationView.swift in Sources */,
				6314566F29B8446B00568981 /* BonangPenerusView.swift in Sources */,
				6314568129B8450100568981 /* SplashScreenView.swift in Sources */,
				6314568629B845B600568981 /* Extensions.swift in Sources */,
				57AF9AF629B94369007DB705 /* SoundManager.swift in Sources */,
			);
			runOnlyForDeploymentPostprocessing = 0;
		};
/* End PBXSourcesBuildPhase section */

/* Begin XCBuildConfiguration section */
		5764D20629B83A78009D04EB /* Debug */ = {
			isa = XCBuildConfiguration;
			buildSettings = {
				ALWAYS_SEARCH_USER_PATHS = NO;
				CLANG_ANALYZER_NONNULL = YES;
				CLANG_ANALYZER_NUMBER_OBJECT_CONVERSION = YES_AGGRESSIVE;
				CLANG_CXX_LANGUAGE_STANDARD = "gnu++20";
				CLANG_ENABLE_MODULES = YES;
				CLANG_ENABLE_OBJC_ARC = YES;
				CLANG_ENABLE_OBJC_WEAK = YES;
				CLANG_WARN_BLOCK_CAPTURE_AUTORELEASING = YES;
				CLANG_WARN_BOOL_CONVERSION = YES;
				CLANG_WARN_COMMA = YES;
				CLANG_WARN_CONSTANT_CONVERSION = YES;
				CLANG_WARN_DEPRECATED_OBJC_IMPLEMENTATIONS = YES;
				CLANG_WARN_DIRECT_OBJC_ISA_USAGE = YES_ERROR;
				CLANG_WARN_DOCUMENTATION_COMMENTS = YES;
				CLANG_WARN_EMPTY_BODY = YES;
				CLANG_WARN_ENUM_CONVERSION = YES;
				CLANG_WARN_INFINITE_RECURSION = YES;
				CLANG_WARN_INT_CONVERSION = YES;
				CLANG_WARN_NON_LITERAL_NULL_CONVERSION = YES;
				CLANG_WARN_OBJC_IMPLICIT_RETAIN_SELF = YES;
				CLANG_WARN_OBJC_LITERAL_CONVERSION = YES;
				CLANG_WARN_OBJC_ROOT_CLASS = YES_ERROR;
				CLANG_WARN_QUOTED_INCLUDE_IN_FRAMEWORK_HEADER = YES;
				CLANG_WARN_RANGE_LOOP_ANALYSIS = YES;
				CLANG_WARN_STRICT_PROTOTYPES = YES;
				CLANG_WARN_SUSPICIOUS_MOVE = YES;
				CLANG_WARN_UNGUARDED_AVAILABILITY = YES_AGGRESSIVE;
				CLANG_WARN_UNREACHABLE_CODE = YES;
				CLANG_WARN__DUPLICATE_METHOD_MATCH = YES;
				COPY_PHASE_STRIP = NO;
				DEBUG_INFORMATION_FORMAT = dwarf;
				ENABLE_STRICT_OBJC_MSGSEND = YES;
				ENABLE_TESTABILITY = YES;
				GCC_C_LANGUAGE_STANDARD = gnu11;
				GCC_DYNAMIC_NO_PIC = NO;
				GCC_NO_COMMON_BLOCKS = YES;
				GCC_OPTIMIZATION_LEVEL = 0;
				GCC_PREPROCESSOR_DEFINITIONS = (
					"DEBUG=1",
					"$(inherited)",
				);
				GCC_WARN_64_TO_32_BIT_CONVERSION = YES;
				GCC_WARN_ABOUT_RETURN_TYPE = YES_ERROR;
				GCC_WARN_UNDECLARED_SELECTOR = YES;
				GCC_WARN_UNINITIALIZED_AUTOS = YES_AGGRESSIVE;
				GCC_WARN_UNUSED_FUNCTION = YES;
				GCC_WARN_UNUSED_VARIABLE = YES;
				IPHONEOS_DEPLOYMENT_TARGET = 16.2;
				MTL_ENABLE_DEBUG_INFO = INCLUDE_SOURCE;
				MTL_FAST_MATH = YES;
				ONLY_ACTIVE_ARCH = YES;
				SDKROOT = iphoneos;
				SWIFT_ACTIVE_COMPILATION_CONDITIONS = DEBUG;
				SWIFT_OPTIMIZATION_LEVEL = "-Onone";
			};
			name = Debug;
		};
		5764D20729B83A78009D04EB /* Release */ = {
			isa = XCBuildConfiguration;
			buildSettings = {
				ALWAYS_SEARCH_USER_PATHS = NO;
				CLANG_ANALYZER_NONNULL = YES;
				CLANG_ANALYZER_NUMBER_OBJECT_CONVERSION = YES_AGGRESSIVE;
				CLANG_CXX_LANGUAGE_STANDARD = "gnu++20";
				CLANG_ENABLE_MODULES = YES;
				CLANG_ENABLE_OBJC_ARC = YES;
				CLANG_ENABLE_OBJC_WEAK = YES;
				CLANG_WARN_BLOCK_CAPTURE_AUTORELEASING = YES;
				CLANG_WARN_BOOL_CONVERSION = YES;
				CLANG_WARN_COMMA = YES;
				CLANG_WARN_CONSTANT_CONVERSION = YES;
				CLANG_WARN_DEPRECATED_OBJC_IMPLEMENTATIONS = YES;
				CLANG_WARN_DIRECT_OBJC_ISA_USAGE = YES_ERROR;
				CLANG_WARN_DOCUMENTATION_COMMENTS = YES;
				CLANG_WARN_EMPTY_BODY = YES;
				CLANG_WARN_ENUM_CONVERSION = YES;
				CLANG_WARN_INFINITE_RECURSION = YES;
				CLANG_WARN_INT_CONVERSION = YES;
				CLANG_WARN_NON_LITERAL_NULL_CONVERSION = YES;
				CLANG_WARN_OBJC_IMPLICIT_RETAIN_SELF = YES;
				CLANG_WARN_OBJC_LITERAL_CONVERSION = YES;
				CLANG_WARN_OBJC_ROOT_CLASS = YES_ERROR;
				CLANG_WARN_QUOTED_INCLUDE_IN_FRAMEWORK_HEADER = YES;
				CLANG_WARN_RANGE_LOOP_ANALYSIS = YES;
				CLANG_WARN_STRICT_PROTOTYPES = YES;
				CLANG_WARN_SUSPICIOUS_MOVE = YES;
				CLANG_WARN_UNGUARDED_AVAILABILITY = YES_AGGRESSIVE;
				CLANG_WARN_UNREACHABLE_CODE = YES;
				CLANG_WARN__DUPLICATE_METHOD_MATCH = YES;
				COPY_PHASE_STRIP = NO;
				DEBUG_INFORMATION_FORMAT = "dwarf-with-dsym";
				ENABLE_NS_ASSERTIONS = NO;
				ENABLE_STRICT_OBJC_MSGSEND = YES;
				GCC_C_LANGUAGE_STANDARD = gnu11;
				GCC_NO_COMMON_BLOCKS = YES;
				GCC_WARN_64_TO_32_BIT_CONVERSION = YES;
				GCC_WARN_ABOUT_RETURN_TYPE = YES_ERROR;
				GCC_WARN_UNDECLARED_SELECTOR = YES;
				GCC_WARN_UNINITIALIZED_AUTOS = YES_AGGRESSIVE;
				GCC_WARN_UNUSED_FUNCTION = YES;
				GCC_WARN_UNUSED_VARIABLE = YES;
				IPHONEOS_DEPLOYMENT_TARGET = 16.2;
				MTL_ENABLE_DEBUG_INFO = NO;
				MTL_FAST_MATH = YES;
				SDKROOT = iphoneos;
				SWIFT_COMPILATION_MODE = wholemodule;
				SWIFT_OPTIMIZATION_LEVEL = "-O";
				VALIDATE_PRODUCT = YES;
			};
			name = Release;
		};
		5764D20929B83A78009D04EB /* Debug */ = {
			isa = XCBuildConfiguration;
			buildSettings = {
				ASSETCATALOG_COMPILER_APPICON_NAME = AppIcon;
				ASSETCATALOG_COMPILER_GLOBAL_ACCENT_COLOR_NAME = AccentColor;
				CODE_SIGN_STYLE = Automatic;
				CURRENT_PROJECT_VERSION = 1;
				DEVELOPMENT_ASSET_PATHS = "\"egamelan/Preview Content\"";
				DEVELOPMENT_TEAM = 2W8TC22856;
				ENABLE_PREVIEWS = YES;
				GENERATE_INFOPLIST_FILE = YES;
				INFOPLIST_FILE = egamelan/Info.plist;
				INFOPLIST_KEY_CFBundleDisplayName = "E-GamelanKu";
				INFOPLIST_KEY_LSApplicationCategoryType = "public.app-category.education";
				INFOPLIST_KEY_UIApplicationSceneManifest_Generation = YES;
				INFOPLIST_KEY_UIApplicationSupportsIndirectInputEvents = YES;
				INFOPLIST_KEY_UILaunchScreen_Generation = YES;
				INFOPLIST_KEY_UISupportedInterfaceOrientations = "UIInterfaceOrientationLandscapeLeft UIInterfaceOrientationLandscapeRight UIInterfaceOrientationPortrait";
				INFOPLIST_KEY_UISupportedInterfaceOrientations_iPad = "UIInterfaceOrientationLandscapeLeft UIInterfaceOrientationLandscapeRight";
				LD_RUNPATH_SEARCH_PATHS = (
					"$(inherited)",
					"@executable_path/Frameworks",
				);
				MARKETING_VERSION = 1.0;
				PRODUCT_BUNDLE_IDENTIFIER = com.appledeveloperhub.egamelan;
				PRODUCT_NAME = "$(TARGET_NAME)";
				SUPPORTED_PLATFORMS = "iphoneos iphonesimulator";
				SUPPORTS_MACCATALYST = NO;
				SUPPORTS_MAC_DESIGNED_FOR_IPHONE_IPAD = NO;
				SWIFT_EMIT_LOC_STRINGS = YES;
				SWIFT_VERSION = 5.0;
				TARGETED_DEVICE_FAMILY = 2;
			};
			name = Debug;
		};
		5764D20A29B83A78009D04EB /* Release */ = {
			isa = XCBuildConfiguration;
			buildSettings = {
				ASSETCATALOG_COMPILER_APPICON_NAME = AppIcon;
				ASSETCATALOG_COMPILER_GLOBAL_ACCENT_COLOR_NAME = AccentColor;
				CODE_SIGN_STYLE = Automatic;
				CURRENT_PROJECT_VERSION = 1;
				DEVELOPMENT_ASSET_PATHS = "\"egamelan/Preview Content\"";
				DEVELOPMENT_TEAM = 2W8TC22856;
				ENABLE_PREVIEWS = YES;
				GENERATE_INFOPLIST_FILE = YES;
				INFOPLIST_FILE = egamelan/Info.plist;
				INFOPLIST_KEY_CFBundleDisplayName = "E-GamelanKu";
				INFOPLIST_KEY_LSApplicationCategoryType = "public.app-category.education";
				INFOPLIST_KEY_UIApplicationSceneManifest_Generation = YES;
				INFOPLIST_KEY_UIApplicationSupportsIndirectInputEvents = YES;
				INFOPLIST_KEY_UILaunchScreen_Generation = YES;
				INFOPLIST_KEY_UISupportedInterfaceOrientations = "UIInterfaceOrientationLandscapeLeft UIInterfaceOrientationLandscapeRight UIInterfaceOrientationPortrait";
				INFOPLIST_KEY_UISupportedInterfaceOrientations_iPad = "UIInterfaceOrientationLandscapeLeft UIInterfaceOrientationLandscapeRight";
				LD_RUNPATH_SEARCH_PATHS = (
					"$(inherited)",
					"@executable_path/Frameworks",
				);
				MARKETING_VERSION = 1.0;
				PRODUCT_BUNDLE_IDENTIFIER = com.appledeveloperhub.egamelan;
				PRODUCT_NAME = "$(TARGET_NAME)";
				SUPPORTED_PLATFORMS = "iphoneos iphonesimulator";
				SUPPORTS_MACCATALYST = NO;
				SUPPORTS_MAC_DESIGNED_FOR_IPHONE_IPAD = NO;
				SWIFT_EMIT_LOC_STRINGS = YES;
				SWIFT_VERSION = 5.0;
				TARGETED_DEVICE_FAMILY = 2;
			};
			name = Release;
		};
/* End XCBuildConfiguration section */

/* Begin XCConfigurationList section */
		5764D1F529B83A77009D04EB /* Build configuration list for PBXProject "egamelan" */ = {
			isa = XCConfigurationList;
			buildConfigurations = (
				5764D20629B83A78009D04EB /* Debug */,
				5764D20729B83A78009D04EB /* Release */,
			);
			defaultConfigurationIsVisible = 0;
			defaultConfigurationName = Release;
		};
		5764D20829B83A78009D04EB /* Build configuration list for PBXNativeTarget "egamelan" */ = {
			isa = XCConfigurationList;
			buildConfigurations = (
				5764D20929B83A78009D04EB /* Debug */,
				5764D20A29B83A78009D04EB /* Release */,
			);
			defaultConfigurationIsVisible = 0;
			defaultConfigurationName = Release;
		};
/* End XCConfigurationList section */
	};
	rootObject = 5764D1F229B83A77009D04EB /* Project object */;
}
